// !$*UTF8*$!
{
	archiveVersion = 1;
	classes = {};
	objectVersion = 56;
	objects = {

/* Begin PBXBuildFile section */
		A10000000000000000000001 /* VNPlayerApp.swift in Sources */ = {isa = PBXBuildFile; fileRef = B10000000000000000000001 /* VNPlayerApp.swift */; };
		A10000000000000000000002 /* ContentView.swift in Sources */ = {isa = PBXBuildFile; fileRef = B10000000000000000000002 /* ContentView.swift */; };
		A10000000000000000000003 /* PlayerView.swift in Sources */ = {isa = PBXBuildFile; fileRef = B10000000000000000000003 /* PlayerView.swift */; };
		A10000000000000000000004 /* VNRuntime.swift in Sources */ = {isa = PBXBuildFile; fileRef = B10000000000000000000004 /* VNRuntime.swift */; };
		A10000000000000000000005 /* VNModels.swift in Sources */ = {isa = PBXBuildFile; fileRef = B10000000000000000000005 /* VNModels.swift */; };
		A10000000000000000000006 /* SaveManager.swift in Sources */ = {isa = PBXBuildFile; fileRef = B10000000000000000000006 /* SaveManager.swift */; };
		A10000000000000000000007 /* ArchiveProvider.swift in Sources */ = {isa = PBXBuildFile; fileRef = B10000000000000000000007 /* ArchiveProvider.swift */; };
		A10000000000000000000008 /* demo.json in Resources */ = {isa = PBXBuildFile; fileRef = B10000000000000000000008 /* demo.json */; };
/* End PBXBuildFile section */

/* PBXFileReference section */
		B10000000000000000000001 /* VNPlayerApp.swift */ = {isa = PBXFileReference; lastKnownFileType = sourcecode.swift; path = VNPlayerApp.swift; sourceTree = "<group>"; };
		B10000000000000000000002 /* ContentView.swift */ = {isa = PBXFileReference; lastKnownFileType = sourcecode.swift; path = ContentView.swift; sourceTree = "<group>"; };
		B10000000000000000000003 /* PlayerView.swift */ = {isa = PBXFileReference; lastKnownFileType = sourcecode.swift; path = PlayerView.swift; sourceTree = "<group>"; };
		B10000000000000000000004 /* VNRuntime.swift */ = {isa = PBXFileReference; lastKnownFileType = sourcecode.swift; path = VNRuntime.swift; sourceTree = "<group>"; };
		B10000000000000000000005 /* VNModels.swift */ = {isa = PBXFileReference; lastKnownFileType = sourcecode.swift; path = VNModels.swift; sourceTree = "<group>"; };
		B10000000000000000000006 /* SaveManager.swift */ = {isa = PBXFileReference; lastKnownFileType = sourcecode.swift; path = SaveManager.swift; sourceTree = "<group>"; };
		B10000000000000000000007 /* ArchiveProvider.swift */ = {isa = PBXFileReference; lastKnownFileType = sourcecode.swift; path = ArchiveProvider.swift; sourceTree = "<group>"; };
		B10000000000000000000008 /* demo.json */ = {isa = PBXFileReference; lastKnownFileType = text.json; path = demo.json; sourceTree = "<group>"; };
		C10000000000000000000001 /* VNPlayer.app */ = {isa = PBXFileReference; explicitFileType = wrapper.application; includeInIndex = 0; path = VNPlayer.app; sourceTree = BUILT_PRODUCTS_DIR; };
/* End PBXFileReference section */

/* PBXFrameworksBuildPhase section */
		D10000000000000000000001 = {isa = PBXFrameworksBuildPhase; buildActionMask = 2147483647; files = (); runOnlyForDeploymentPostprocessing = 0; };
/* End PBXFrameworksBuildPhase section */

/* PBXGroup section */
		E10000000000000000000001 = {isa = PBXGroup; children = (B10000000000000000000001,B10000000000000000000002,B10000000000000000000003,B10000000000000000000004,B10000000000000000000005,B10000000000000000000006,B10000000000000000000007); path = Sources/VNPlayer; sourceTree = "<group>"; };
		E10000000000000000000002 = {isa = PBXGroup; children = (B10000000000000000000008); path = Resources; sourceTree = "<group>"; };
		E10000000000000000000003 = {isa = PBXGroup; children = (E10000000000000000000001,E10000000000000000000002); sourceTree = "<group>"; };
		E10000000000000000000004 = {isa = PBXGroup; children = (C10000000000000000000001); name = Products; sourceTree = "<group>"; };
/* End PBXGroup section */

/* PBXNativeTarget section */
		F10000000000000000000001 = {isa = PBXNativeTarget; buildConfigurationList = F30000000000000000000001; buildPhases = (D10000000000000000000002,D10000000000000000000001,D10000000000000000000003); buildRules = (); dependencies = (); name = VNPlayer; productName = VNPlayer; productReference = C10000000000000000000001; productType = "com.apple.product-type.application"; };
/* End PBXNativeTarget section */

/* PBXProject section */
		F20000000000000000000001 = {isa = PBXProject; attributes = {LastUpgradeCheck = 1600; TargetAttributes = {F10000000000000000000001 = {CreatedOnToolsVersion = 16.0;};};}; buildConfigurationList = F40000000000000000000001; compatibilityVersion = "Xcode 15.0"; developmentRegion = en; hasScannedForEncodings = 0; knownRegions = (en,Base); mainGroup = E10000000000000000000003; productRefGroup = E10000000000000000000004; projectDirPath = ""; projectRoot = ""; targets = (F10000000000000000000001); };
/* End PBXProject section */

/* PBXResourcesBuildPhase section */
		D10000000000000000000002 = {isa = PBXResourcesBuildPhase; buildActionMask = 2147483647; files = (A10000000000000000000008); runOnlyForDeploymentPostprocessing = 0; };
/* End PBXResourcesBuildPhase section */

/* PBXSourcesBuildPhase section */
		D10000000000000000000003 = {isa = PBXSourcesBuildPhase; buildActionMask = 2147483647; files = (A10000000000000000000001,A10000000000000000000002,A10000000000000000000003,A10000000000000000000004,A10000000000000000000005,A10000000000000000000006,A10000000000000000000007); runOnlyForDeploymentPostprocessing = 0; };
/* End PBXSourcesBuildPhase section */

/* XCBuildConfiguration section */
		F50000000000000000000001 = {isa = XCBuildConfiguration; buildSettings = {PRODUCT_BUNDLE_IDENTIFIER = com.example.vnplayer; SWIFT_VERSION = 5.0; IPHONEOS_DEPLOYMENT_TARGET = 16.0; TARGETED_DEVICE_FAMILY = "1,2"; INFOPLIST_KEY_CFBundleDisplayName = "VNPlayer"; INFOPLIST_KEY_LSApplicationCategoryType = "public.app-category.games"; GENERATE_INFOPLIST_FILE = YES; }; name = Debug; };
		F50000000000000000000002 = {isa = XCBuildConfiguration; buildSettings = {PRODUCT_BUNDLE_IDENTIFIER = com.example.vnplayer; SWIFT_VERSION = 5.0; IPHONEOS_DEPLOYMENT_TARGET = 16.0; TARGETED_DEVICE_FAMILY = "1,2"; INFOPLIST_KEY_CFBundleDisplayName = "VNPlayer"; INFOPLIST_KEY_LSApplicationCategoryType = "public.app-category.games"; GENERATE_INFOPLIST_FILE = YES; SWIFT_OPTIMIZATION_LEVEL = "-O"; }; name = Release; };
/* End XCBuildConfiguration section */

/* XCConfigurationList section */
		F30000000000000000000001 = {isa = XCConfigurationList; buildConfigurations = (F50000000000000000000001,F50000000000000000000002); defaultConfigurationIsVisible = 0; defaultConfigurationName = Release; };
		F40000000000000000000001 = {isa = XCConfigurationList; buildConfigurations = (F50000000000000000000001,F50000000000000000000002); defaultConfigurationIsVisible = 0; defaultConfigurationName = Release; };
/* End XCConfigurationList section */
	};
	rootObject = F20000000000000000000001;
}